
Microsoft Visual Studio Solution File, Format Version 12.00
# Visual Studio Version 17
VisualStudioVersion = 17.5.002.0
MinimumVisualStudioVersion = 10.0.40219.1
Project("{9A19103F-16F7-4668-BE54-9A1E7A4F7556}") = "BotClass", "BotClass.csproj", "{3DA78D3C-858A-4C10-A514-E3CE41CAB6B0}"
EndProject
Project("{9A19103F-16F7-4668-BE54-9A1E7A4F7556}") = "BotClass - Backup", "BotClass - Backup.csproj", "{F711E0D6-9385-4B8D-A5A4-5E508310C01B}"
EndProject
Global
	GlobalSection(SolutionConfigurationPlatforms) = preSolution
		Debug|Any CPU = Debug|Any CPU
		Release|Any CPU = Release|Any CPU
	EndGlobalSection
	GlobalSection(ProjectConfigurationPlatforms) = postSolution
		{3DA78D3C-858A-4C10-A514-E3CE41CAB6B0}.Debug|Any CPU.ActiveCfg = Debug|Any CPU
		{3DA78D3C-858A-4C10-A514-E3CE41CAB6B0}.Debug|Any CPU.Build.0 = Debug|Any CPU
		{3DA78D3C-858A-4C10-A514-E3CE41CAB6B0}.Release|Any CPU.ActiveCfg = Release|Any CPU
		{3DA78D3C-858A-4C10-A514-E3CE41CAB6B0}.Release|Any CPU.Build.0 = Release|Any CPU
		{F711E0D6-9385-4B8D-A5A4-5E508310C01B}.Debug|Any CPU.ActiveCfg = Debug|Any CPU
		{F711E0D6-9385-4B8D-A5A4-5E508310C01B}.Debug|Any CPU.Build.0 = Debug|Any CPU
		{F711E0D6-9385-4B8D-A5A4-5E508310C01B}.Release|Any CPU.ActiveCfg = Release|Any CPU
		{F711E0D6-9385-4B8D-A5A4-5E508310C01B}.Release|Any CPU.Build.0 = Release|Any CPU
	EndGlobalSection
	GlobalSection(SolutionProperties) = preSolution
		HideSolutionNode = FALSE
	EndGlobalSection
	GlobalSection(ExtensibilityGlobals) = postSolution
		SolutionGuid = {ACB37A63-019B-4939-84A0-EACF22470F61}
	EndGlobalSection
EndGlobal
