
Microsoft Visual Studio Solution File, Format Version 12.00
# Visual Studio Version 17
VisualStudioVersion = 17.5.002.0
MinimumVisualStudioVersion = 10.0.40219.1
Project("{9A19103F-16F7-4668-BE54-9A1E7A4F7556}") = "BotClass.Desktop", "BotClass.Desktop.csproj", "{BE6BA2D7-E111-4861-BD9D-A481449A56D5}"
EndProject
Global
	GlobalSection(SolutionConfigurationPlatforms) = preSolution
		Debug|Any CPU = Debug|Any CPU
		Release|Any CPU = Release|Any CPU
	EndGlobalSection
	GlobalSection(ProjectConfigurationPlatforms) = postSolution
		{BE6BA2D7-E111-4861-BD9D-A481449A56D5}.Debug|Any CPU.ActiveCfg = Debug|Any CPU
		{BE6BA2D7-E111-4861-BD9D-A481449A56D5}.Debug|Any CPU.Build.0 = Debug|Any CPU
		{BE6BA2D7-E111-4861-BD9D-A481449A56D5}.Release|Any CPU.ActiveCfg = Release|Any CPU
		{BE6BA2D7-E111-4861-BD9D-A481449A56D5}.Release|Any CPU.Build.0 = Release|Any CPU
	EndGlobalSection
	GlobalSection(SolutionProperties) = preSolution
		HideSolutionNode = FALSE
	EndGlobalSection
	GlobalSection(ExtensibilityGlobals) = postSolution
		SolutionGuid = {313181AB-DE39-4BFF-A37B-93209B623C3A}
	EndGlobalSection
EndGlobal
